{
    "_meta": {
        "hash": {
            "sha256": "c38649bc9f03bd5dc610437b5ea6155d98b199782ff8617bf29d996234bd2dbe"
        },
        "pipfile-spec": 6,
        "requires": {
            "python_version": "3.11"
        },
        "sources": [
            {
                "name": "pypi",
                "url": "https://pypi.org/simple",
                "verify_ssl": true
            }
        ]
    },
    "default": {
        "anyio": {
            "hashes": [
                "sha256:4c8bc31ccdb51c7f7bd251f51c609e038d63e34219b44aa86e47576389880b4c",
                "sha256:6d170c36fba3bdd840c73d3868c1e777e33676a69c3a72cf0a0d5d6d8009b61d"
            ],
            "markers": "python_version >= '3.9'",
            "version": "==4.6.2.post1"
        },
        "attrs": {
            "hashes": [
                "sha256:5cfb1b9148b5b086569baec03f20d7b6bf3bcacc9a42bebf87ffaaca362f6346",
                "sha256:81921eb96de3191c8258c199618104dd27ac608d9366f5e35d011eae1867ede2"
            ],
            "markers": "python_version >= '3.7'",
            "version": "==24.2.0"
        },
        "certifi": {
            "hashes": [
                "sha256:922820b53db7a7257ffbda3f597266d435245903d80737e34f8a45ff3e3230d8",
                "sha256:bec941d2aa8195e248a60b31ff9f0558284cf01a52591ceda73ea9afffd69fd9"
            ],
            "markers": "python_version >= '3.6'",
            "version": "==2024.8.30"
        },
        "h11": {
            "hashes": [
                "sha256:8f19fbbe99e72420ff35c00b27a34cb9937e902a8b810e2c88300c6f0a3b699d",
                "sha256:e3fe4ac4b851c468cc8363d500db52c2ead036020723024a109d37346efaa761"
            ],
            "markers": "python_version >= '3.7'",
            "version": "==0.14.0"
        },
        "httpcore": {
            "hashes": [
                "sha256:8551cb62a169ec7162ac7be8d4817d561f60e08eaa485234898414bb5a8a0b4c",
                "sha256:a3fff8f43dc260d5bd363d9f9cf1830fa3a458b332856f34282de498ed420edd"
            ],
            "markers": "python_version >= '3.8'",
            "version": "==1.0.7"
        },
        "httpx": {
            "hashes": [
                "sha256:7bb2708e112d8fdd7829cd4243970f0c223274051cb35ee80c03301ee29a3df0",
                "sha256:f7c2be1d2f3c3c3160d441802406b206c2b76f5947b11115e6df10c6c65e66c2"
            ],
            "index": "pypi",
            "markers": "python_version >= '3.8'",
            "version": "==0.27.2"
        },
        "idna": {
            "hashes": [
                "sha256:12f65c9b470abda6dc35cf8e63cc574b1c52b11df2c86030af0ac09b01b13ea9",
                "sha256:946d195a0d259cbba61165e88e65941f16e9b36ea6ddb97f00452bae8b1287d3"
            ],
            "markers": "python_version >= '3.6'",
            "version": "==3.10"
        },
        "iniconfig": {
            "hashes": [
                "sha256:2d91e135bf72d31a410b17c16da610a82cb55f6b0477d1a902134b24a455b8b3",
                "sha256:b6a85871a79d2e3b22d2d1b94ac2824226a63c6b741c88f7ae975f18b6778374"
            ],
            "markers": "python_version >= '3.7'",
            "version": "==2.0.0"
        },
        "packaging": {
            "hashes": [
                "sha256:09abb1bccd265c01f4a3aa3f7a7db064b36514d2cba19a2f694fe6150451a759",
                "sha256:c228a6dc5e932d346bc5739379109d49e8853dd8223571c7c5b55260edc0b97f"
            ],
            "markers": "python_version >= '3.8'",
            "version": "==24.2"
        },
        "pluggy": {
            "hashes": [
                "sha256:2cffa88e94fdc978c4c574f15f9e59b7f4201d439195c3715ca9e2486f1d0cf1",
                "sha256:44e1ad92c8ca002de6377e165f3e0f1be63266ab4d554740532335b9d75ea669"
            ],
            "markers": "python_version >= '3.8'",
            "version": "==1.5.0"
        },
        "py": {
            "hashes": [
                "sha256:51c75c4126074b472f746a24399ad32f6053d1b34b68d2fa41e558e6f4a98719",
                "sha256:607c53218732647dff4acdfcd50cb62615cedf612e72d1724fb1a0cc6405b378"
            ],
            "markers": "python_version >= '2.7' and python_version not in '3.0, 3.1, 3.2, 3.3, 3.4'",
            "version": "==1.11.0"
        },
        "pydantic": {
            "hashes": [
                "sha256:0399094464ae7f28482de22383e667625e38e1516d6b213176df1acdd0c477ea",
                "sha256:076c49e24b73d346c45f9282d00dbfc16eef7ae27c970583d499f11110d9e5b0",
                "sha256:07d00ca5ef0de65dd274005433ce2bb623730271d495a7d190a91c19c5679d34",
                "sha256:0890fbd7fec9e151c7512941243d830b2d6076d5df159a2030952d480ab80a4e",
                "sha256:0bfb5b378b78229119d66ced6adac2e933c67a0aa1d0a7adffbe432f3ec14ce4",
                "sha256:0d32227ea9a3bf537a2273fd2fdb6d64ab4d9b83acd9e4e09310a777baaabb98",
                "sha256:11965f421f7eb026439d4eb7464e9182fe6d69c3d4d416e464a4485d1ba61ab6",
                "sha256:1fc8cc264afaf47ae6a9bcbd36c018d0c6b89293835d7fb0e5e1a95898062d59",
                "sha256:2206a1752d9fac011e95ca83926a269fb0ef5536f7e053966d058316e24d929f",
                "sha256:22a1794e01591884741be56c6fba157c4e99dcc9244beb5a87bd4aa54b84ea8b",
                "sha256:4739c206bfb6bb2bdc78dcd40bfcebb2361add4ceac6d170e741bb914e9eff0f",
                "sha256:4a5d5b877c7d3d9e17399571a8ab042081d22fe6904416a8b20f8af5909e6c8f",
                "sha256:566bebdbe6bc0ac593fa0f67d62febbad9f8be5433f686dc56401ba4aab034e3",
                "sha256:570ad0aeaf98b5e33ff41af75aba2ef6604ee25ce0431ecd734a28e74a208555",
                "sha256:573254d844f3e64093f72fcd922561d9c5696821ff0900a0db989d8c06ab0c25",
                "sha256:5d4320510682d5a6c88766b2a286d03b87bd3562bf8d78c73d63bab04b21e7b4",
                "sha256:6d8a38a44bb6a15810084316ed69c854a7c06e0c99c5429f1d664ad52cec353c",
                "sha256:6eb56074b11a696e0b66c7181da682e88c00e5cebe6570af8013fcae5e63e186",
                "sha256:7e66aa0fa7f8aa9d0a620361834f6eb60d01d3e9cea23ca1a92cda99e6f61dac",
                "sha256:7ea24e8614f541d69ea72759ff635df0e612b7dc9d264d43f51364df310081a3",
                "sha256:7f31742c95e3f9443b8c6fa07c119623e61d76603be9c0d390bcf7e888acabcb",
                "sha256:83ee8c9916689f8e6e7d90161e6663ac876be2efd32f61fdcfa3a15e87d4e413",
                "sha256:8b2cf5e26da84f2d2dee3f60a3f1782adedcee785567a19b68d0af7e1534bd1f",
                "sha256:945407f4d08cd12485757a281fca0e5b41408606228612f421aa4ea1b63a095d",
                "sha256:9c46f58ef2df958ed2ea7437a8be0897d5efe9ee480818405338c7da88186fb3",
                "sha256:9d7d48fbc5289efd23982a0d68e973a1f37d49064ccd36d86de4543aff21e086",
                "sha256:9f28a81978e936136c44e6a70c65bde7548d87f3807260f73aeffbf76fb94c2f",
                "sha256:a415b9e95fa602b10808113967f72b2da8722061265d6af69268c111c254832d",
                "sha256:a82746c6d6e91ca17e75f7f333ed41d70fce93af520a8437821dec3ee52dfb10",
                "sha256:ad57004e5d73aee36f1e25e4e73a4bc853b473a1c30f652dc8d86b0a987ffce3",
                "sha256:c6444368b651a14c2ce2fb22145e1496f7ab23cbdb978590d47c8d34a7bc0289",
                "sha256:d216f8d0484d88ab72ab45d699ac669fe031275e3fa6553e3804e69485449fa0",
                "sha256:d3449633c207ec3d2d672eedb3edbe753e29bd4e22d2e42a37a2c1406564c20f",
                "sha256:d5b5b7c6bafaef90cbb7dafcb225b763edd71d9e22489647ee7df49d6d341890",
                "sha256:d7a8a1dd68bac29f08f0a3147de1885f4dccec35d4ea926e6e637fac03cdb4b3",
                "sha256:d8d72553d2f3f57ce547de4fa7dc8e3859927784ab2c88343f1fc1360ff17a08",
                "sha256:dce355fe7ae53e3090f7f5fa242423c3a7b53260747aa398b4b3aaf8b25f41c3",
                "sha256:e351df83d1c9cffa53d4e779009a093be70f1d5c6bb7068584086f6a19042526",
                "sha256:ec5c44e6e9eac5128a9bfd21610df3b8c6b17343285cc185105686888dc81206",
                "sha256:f5bb81fcfc6d5bff62cd786cbd87480a11d23f16d5376ad2e057c02b3b44df96",
                "sha256:fd34012691fbd4e67bdf4accb1f0682342101015b78327eaae3543583fcd451e",
                "sha256:fea36c2065b7a1d28c6819cc2e93387b43dd5d3cf5a1e82d8132ee23f36d1f10",
                "sha256:ff09600cebe957ecbb4a27496fe34c1d449e7957ed20a202d5029a71a8af2e35"
            ],
            "index": "pypi",
            "markers": "python_version >= '3.7'",
            "version": "==1.10.19"
        },
        "pytest": {
            "hashes": [
                "sha256:1377bda3466d70b55e3f5cecfa55bb7cfcf219c7964629b967c37cf0bda818b7",
                "sha256:4f365fec2dff9c1162f834d9f18af1ba13062db0c708bf7b946f8a5c76180c39"
            ],
            "index": "pypi",
            "markers": "python_version >= '3.7'",
            "version": "==7.1.3"
        },
        "python-dotenv": {
            "hashes": [
                "sha256:e324ee90a023d808f1959c46bcbc04446a10ced277783dc6ee09987c37ec10ca",
                "sha256:f7b63ef50f1b690dddf550d03497b66d609393b40b564ed0d674909a68ebf16a"
            ],
            "index": "pypi",
            "markers": "python_version >= '3.8'",
            "version": "==1.0.1"
        },
        "sniffio": {
            "hashes": [
                "sha256:2f6da418d1f1e0fddd844478f41680e794e6051915791a034ff65e5f100525a2",
                "sha256:f4324edc670a0f49750a81b895f35c3adb843cca46f0530f79fc1babb23789dc"
            ],
            "markers": "python_version >= '3.7'",
            "version": "==1.3.1"
        },
        "tomli": {
            "hashes": [
                "sha256:3f646cae2aec94e17d04973e4249548320197cfabdf130015d023de4b74d8ab8",
                "sha256:a5c57c3d1c56f5ccdf89f6523458f60ef716e210fc47c4cfb188c5ba473e0391"
            ],
            "markers": "python_version >= '3.8'",
            "version": "==2.1.0"
        },
        "typing-extensions": {
            "hashes": [
                "sha256:04e5ca0351e0f3f85c6853954072df659d0d13fac324d0072316b67d7794700d",
                "sha256:1a7ead55c7e559dd4dee8856e3a88b41225abfe1ce8df57b7c13915fe121ffb8"
            ],
            "markers": "python_version >= '3.8'",
            "version": "==4.12.2"
        }
    },
    "develop": {}
}
